
Microsoft Visual Studio Solution File, Format Version 12.00
# Visual Studio Version 16
VisualStudioVersion = 16.0.31005.135
MinimumVisualStudioVersion = 10.0.40219.1
Project("{FAE04EC0-301F-11D3-BF4B-00C04F79EFBC}") = "WebViewDownloadExample", "WebViewDownloadExample\WebViewDownloadExample.csproj", "{81D38B7A-3039-4D57-AF07-A6E84C65B680}"
EndProject
Project("{FAE04EC0-301F-11D3-BF4B-00C04F79EFBC}") = "Shared", "Shared\Shared.csproj", "{BA2D4A8A-15AF-4433-9F24-C49967130649}"
EndProject
Project("{FAE04EC0-301F-11D3-BF4B-00C04F79EFBC}") = "WebViewDownloadXamarinForms.Android", "WebViewDownloadXamarinForms\WebViewDownloadXamarinForms.Android\WebViewDownloadXamarinForms.Android.csproj", "{77883D5A-82B3-4BD1-8221-878D267C8922}"
EndProject
Project("{FAE04EC0-301F-11D3-BF4B-00C04F79EFBC}") = "WebViewDownloadXamarinForms.iOS", "WebViewDownloadXamarinForms\WebViewDownloadXamarinForms.iOS\WebViewDownloadXamarinForms.iOS.csproj", "{2D784C7E-6CBB-4EFC-B890-342DE6862F8E}"
EndProject
Project("{FAE04EC0-301F-11D3-BF4B-00C04F79EFBC}") = "WebViewDownloadXamarinForms", "WebViewDownloadXamarinForms\WebViewDownloadXamarinForms\WebViewDownloadXamarinForms.csproj", "{8771FFB6-8F84-4D54-AA10-537FBC1CDF09}"
EndProject
Global
	GlobalSection(SolutionConfigurationPlatforms) = preSolution
		Debug|Any CPU = Debug|Any CPU
		Debug|iPhone = Debug|iPhone
		Debug|iPhoneSimulator = Debug|iPhoneSimulator
		Release|Any CPU = Release|Any CPU
		Release|iPhone = Release|iPhone
		Release|iPhoneSimulator = Release|iPhoneSimulator
	EndGlobalSection
	GlobalSection(ProjectConfigurationPlatforms) = postSolution
		{81D38B7A-3039-4D57-AF07-A6E84C65B680}.Debug|Any CPU.ActiveCfg = Debug|Any CPU
		{81D38B7A-3039-4D57-AF07-A6E84C65B680}.Debug|Any CPU.Build.0 = Debug|Any CPU
		{81D38B7A-3039-4D57-AF07-A6E84C65B680}.Debug|Any CPU.Deploy.0 = Debug|Any CPU
		{81D38B7A-3039-4D57-AF07-A6E84C65B680}.Debug|iPhone.ActiveCfg = Debug|Any CPU
		{81D38B7A-3039-4D57-AF07-A6E84C65B680}.Debug|iPhone.Build.0 = Debug|Any CPU
		{81D38B7A-3039-4D57-AF07-A6E84C65B680}.Debug|iPhone.Deploy.0 = Debug|Any CPU
		{81D38B7A-3039-4D57-AF07-A6E84C65B680}.Debug|iPhoneSimulator.ActiveCfg = Debug|Any CPU
		{81D38B7A-3039-4D57-AF07-A6E84C65B680}.Debug|iPhoneSimulator.Build.0 = Debug|Any CPU
		{81D38B7A-3039-4D57-AF07-A6E84C65B680}.Debug|iPhoneSimulator.Deploy.0 = Debug|Any CPU
		{81D38B7A-3039-4D57-AF07-A6E84C65B680}.Release|Any CPU.ActiveCfg = Release|Any CPU
		{81D38B7A-3039-4D57-AF07-A6E84C65B680}.Release|Any CPU.Build.0 = Release|Any CPU
		{81D38B7A-3039-4D57-AF07-A6E84C65B680}.Release|Any CPU.Deploy.0 = Release|Any CPU
		{81D38B7A-3039-4D57-AF07-A6E84C65B680}.Release|iPhone.ActiveCfg = Release|Any CPU
		{81D38B7A-3039-4D57-AF07-A6E84C65B680}.Release|iPhone.Build.0 = Release|Any CPU
		{81D38B7A-3039-4D57-AF07-A6E84C65B680}.Release|iPhone.Deploy.0 = Release|Any CPU
		{81D38B7A-3039-4D57-AF07-A6E84C65B680}.Release|iPhoneSimulator.ActiveCfg = Release|Any CPU
		{81D38B7A-3039-4D57-AF07-A6E84C65B680}.Release|iPhoneSimulator.Build.0 = Release|Any CPU
		{81D38B7A-3039-4D57-AF07-A6E84C65B680}.Release|iPhoneSimulator.Deploy.0 = Release|Any CPU
		{BA2D4A8A-15AF-4433-9F24-C49967130649}.Debug|Any CPU.ActiveCfg = Debug|Any CPU
		{BA2D4A8A-15AF-4433-9F24-C49967130649}.Debug|Any CPU.Build.0 = Debug|Any CPU
		{BA2D4A8A-15AF-4433-9F24-C49967130649}.Debug|iPhone.ActiveCfg = Debug|Any CPU
		{BA2D4A8A-15AF-4433-9F24-C49967130649}.Debug|iPhone.Build.0 = Debug|Any CPU
		{BA2D4A8A-15AF-4433-9F24-C49967130649}.Debug|iPhoneSimulator.ActiveCfg = Debug|Any CPU
		{BA2D4A8A-15AF-4433-9F24-C49967130649}.Debug|iPhoneSimulator.Build.0 = Debug|Any CPU
		{BA2D4A8A-15AF-4433-9F24-C49967130649}.Release|Any CPU.ActiveCfg = Release|Any CPU
		{BA2D4A8A-15AF-4433-9F24-C49967130649}.Release|Any CPU.Build.0 = Release|Any CPU
		{BA2D4A8A-15AF-4433-9F24-C49967130649}.Release|iPhone.ActiveCfg = Release|Any CPU
		{BA2D4A8A-15AF-4433-9F24-C49967130649}.Release|iPhone.Build.0 = Release|Any CPU
		{BA2D4A8A-15AF-4433-9F24-C49967130649}.Release|iPhoneSimulator.ActiveCfg = Release|Any CPU
		{BA2D4A8A-15AF-4433-9F24-C49967130649}.Release|iPhoneSimulator.Build.0 = Release|Any CPU
		{77883D5A-82B3-4BD1-8221-878D267C8922}.Debug|Any CPU.ActiveCfg = Debug|Any CPU
		{77883D5A-82B3-4BD1-8221-878D267C8922}.Debug|Any CPU.Build.0 = Debug|Any CPU
		{77883D5A-82B3-4BD1-8221-878D267C8922}.Debug|Any CPU.Deploy.0 = Debug|Any CPU
		{77883D5A-82B3-4BD1-8221-878D267C8922}.Debug|iPhone.ActiveCfg = Debug|Any CPU
		{77883D5A-82B3-4BD1-8221-878D267C8922}.Debug|iPhone.Build.0 = Debug|Any CPU
		{77883D5A-82B3-4BD1-8221-878D267C8922}.Debug|iPhone.Deploy.0 = Debug|Any CPU
		{77883D5A-82B3-4BD1-8221-878D267C8922}.Debug|iPhoneSimulator.ActiveCfg = Debug|Any CPU
		{77883D5A-82B3-4BD1-8221-878D267C8922}.Debug|iPhoneSimulator.Build.0 = Debug|Any CPU
		{77883D5A-82B3-4BD1-8221-878D267C8922}.Debug|iPhoneSimulator.Deploy.0 = Debug|Any CPU
		{77883D5A-82B3-4BD1-8221-878D267C8922}.Release|Any CPU.ActiveCfg = Release|Any CPU
		{77883D5A-82B3-4BD1-8221-878D267C8922}.Release|Any CPU.Build.0 = Release|Any CPU
		{77883D5A-82B3-4BD1-8221-878D267C8922}.Release|Any CPU.Deploy.0 = Release|Any CPU
		{77883D5A-82B3-4BD1-8221-878D267C8922}.Release|iPhone.ActiveCfg = Release|Any CPU
		{77883D5A-82B3-4BD1-8221-878D267C8922}.Release|iPhone.Build.0 = Release|Any CPU
		{77883D5A-82B3-4BD1-8221-878D267C8922}.Release|iPhone.Deploy.0 = Release|Any CPU
		{77883D5A-82B3-4BD1-8221-878D267C8922}.Release|iPhoneSimulator.ActiveCfg = Release|Any CPU
		{77883D5A-82B3-4BD1-8221-878D267C8922}.Release|iPhoneSimulator.Build.0 = Release|Any CPU
		{77883D5A-82B3-4BD1-8221-878D267C8922}.Release|iPhoneSimulator.Deploy.0 = Release|Any CPU
		{2D784C7E-6CBB-4EFC-B890-342DE6862F8E}.Debug|Any CPU.ActiveCfg = Debug|iPhoneSimulator
		{2D784C7E-6CBB-4EFC-B890-342DE6862F8E}.Debug|iPhone.ActiveCfg = Debug|iPhone
		{2D784C7E-6CBB-4EFC-B890-342DE6862F8E}.Debug|iPhone.Build.0 = Debug|iPhone
		{2D784C7E-6CBB-4EFC-B890-342DE6862F8E}.Debug|iPhoneSimulator.ActiveCfg = Debug|iPhoneSimulator
		{2D784C7E-6CBB-4EFC-B890-342DE6862F8E}.Debug|iPhoneSimulator.Build.0 = Debug|iPhoneSimulator
		{2D784C7E-6CBB-4EFC-B890-342DE6862F8E}.Release|Any CPU.ActiveCfg = Release|iPhoneSimulator
		{2D784C7E-6CBB-4EFC-B890-342DE6862F8E}.Release|iPhone.ActiveCfg = Release|iPhone
		{2D784C7E-6CBB-4EFC-B890-342DE6862F8E}.Release|iPhone.Build.0 = Release|iPhone
		{2D784C7E-6CBB-4EFC-B890-342DE6862F8E}.Release|iPhoneSimulator.ActiveCfg = Release|iPhoneSimulator
		{2D784C7E-6CBB-4EFC-B890-342DE6862F8E}.Release|iPhoneSimulator.Build.0 = Release|iPhoneSimulator
		{8771FFB6-8F84-4D54-AA10-537FBC1CDF09}.Debug|Any CPU.ActiveCfg = Debug|Any CPU
		{8771FFB6-8F84-4D54-AA10-537FBC1CDF09}.Debug|Any CPU.Build.0 = Debug|Any CPU
		{8771FFB6-8F84-4D54-AA10-537FBC1CDF09}.Debug|iPhone.ActiveCfg = Debug|Any CPU
		{8771FFB6-8F84-4D54-AA10-537FBC1CDF09}.Debug|iPhone.Build.0 = Debug|Any CPU
		{8771FFB6-8F84-4D54-AA10-537FBC1CDF09}.Debug|iPhoneSimulator.ActiveCfg = Debug|Any CPU
		{8771FFB6-8F84-4D54-AA10-537FBC1CDF09}.Debug|iPhoneSimulator.Build.0 = Debug|Any CPU
		{8771FFB6-8F84-4D54-AA10-537FBC1CDF09}.Release|Any CPU.ActiveCfg = Release|Any CPU
		{8771FFB6-8F84-4D54-AA10-537FBC1CDF09}.Release|Any CPU.Build.0 = Release|Any CPU
		{8771FFB6-8F84-4D54-AA10-537FBC1CDF09}.Release|iPhone.ActiveCfg = Release|Any CPU
		{8771FFB6-8F84-4D54-AA10-537FBC1CDF09}.Release|iPhone.Build.0 = Release|Any CPU
		{8771FFB6-8F84-4D54-AA10-537FBC1CDF09}.Release|iPhoneSimulator.ActiveCfg = Release|Any CPU
		{8771FFB6-8F84-4D54-AA10-537FBC1CDF09}.Release|iPhoneSimulator.Build.0 = Release|Any CPU
	EndGlobalSection
	GlobalSection(SolutionProperties) = preSolution
		HideSolutionNode = FALSE
	EndGlobalSection
	GlobalSection(ExtensibilityGlobals) = postSolution
		SolutionGuid = {67C26891-AB3B-4C64-971A-DC30FF7C3E0C}
	EndGlobalSection
EndGlobal
